
Microsoft Visual Studio Solution File, Format Version 12.00
# Visual Studio Version 16
VisualStudioVersion = 16.0.32413.511
MinimumVisualStudioVersion = 10.0.40219.1
Project("{FAE04EC0-301F-11D3-BF4B-00C04F79EFBC}") = "CategoriaProjeto_PSI", "CategoriaProjeto_PSI\CategoriaProjeto_PSI.csproj", "{090027B6-046B-4B8F-B62E-BA0AEC507498}"
EndProject
Global
	GlobalSection(SolutionConfigurationPlatforms) = preSolution
		Debug|Any CPU = Debug|Any CPU
		Release|Any CPU = Release|Any CPU
	EndGlobalSection
	GlobalSection(ProjectConfigurationPlatforms) = postSolution
		{090027B6-046B-4B8F-B62E-BA0AEC507498}.Debug|Any CPU.ActiveCfg = Debug|Any CPU
		{090027B6-046B-4B8F-B62E-BA0AEC507498}.Debug|Any CPU.Build.0 = Debug|Any CPU
		{090027B6-046B-4B8F-B62E-BA0AEC507498}.Release|Any CPU.ActiveCfg = Release|Any CPU
		{090027B6-046B-4B8F-B62E-BA0AEC507498}.Release|Any CPU.Build.0 = Release|Any CPU
	EndGlobalSection
	GlobalSection(SolutionProperties) = preSolution
		HideSolutionNode = FALSE
	EndGlobalSection
	GlobalSection(ExtensibilityGlobals) = postSolution
		SolutionGuid = {5A90D3A6-6FDE-4272-8AF6-EA2BC66AA34E}
	EndGlobalSection
EndGlobal
